// !$*UTF8*$!
{
	archiveVersion = 1;
	classes = {
	};
	objectVersion = 46;
	objects = {
/* Begin PBXBuildFile section */
		0207DA581B56EA530066E2B4 /* Images.xcassets in Resources */ = {isa = PBXBuildFile; fileRef = 0207DA571B56EA530066E2B4 /* Images.xcassets */; };
		1D3623260D0F684500981E51 /* AppDelegate.m in Sources */ = {isa = PBXBuildFile; fileRef = 1D3623250D0F684500981E51 /* AppDelegate.m */; };
		1D60589B0D05DD56006BFB54 /* main.m in Sources */ = {isa = PBXBuildFile; fileRef = 29B97316FDCFA39411CA2CEA /* main.m */; };
		301BF552109A68D80062928A /* libCordova.a in Frameworks */ = {isa = PBXBuildFile; fileRef = 301BF535109A57CC0062928A /* libCordova.a */; };
		302D95F114D2391D003F00A1 /* MainViewController.m in Sources */ = {isa = PBXBuildFile; fileRef = 302D95EF14D2391D003F00A1 /* MainViewController.m */; };
		302D95F214D2391D003F00A1 /* MainViewController.xib in Resources */ = {isa = PBXBuildFile; fileRef = 302D95F014D2391D003F00A1 /* MainViewController.xib */; };
		3047A5121AB8059700498E2A /* build-debug.xcconfig in Resources */ = {isa = PBXBuildFile; fileRef = 3047A50F1AB8059700498E2A /* build-debug.xcconfig */; };
		3047A5131AB8059700498E2A /* build-release.xcconfig in Resources */ = {isa = PBXBuildFile; fileRef = 3047A5101AB8059700498E2A /* build-release.xcconfig */; };
		3047A5141AB8059700498E2A /* build.xcconfig in Resources */ = {isa = PBXBuildFile; fileRef = 3047A5111AB8059700498E2A /* build.xcconfig */; };
		6AFF5BF91D6E424B00AB3073 /* CDVLaunchScreen.storyboard in Resources */ = {isa = PBXBuildFile; fileRef = 6AFF5BF81D6E424B00AB3073 /* CDVLaunchScreen.storyboard */; };
		4FA2F38DED5B45609D641DA4 /* CDVFile.m in Sources */ = {isa = PBXBuildFile; fileRef = 47CC8ABFFB4F4A3B836EA326 /* CDVFile.m */; };
		B63D2017795243408CFBCC15 /* CDVLocalFilesystem.m in Sources */ = {isa = PBXBuildFile; fileRef = A38D464DB21848D783C1CF31 /* CDVLocalFilesystem.m */; };
		B625FA0CB9F84C9797F0F4A4 /* CDVAssetLibraryFilesystem.m in Sources */ = {isa = PBXBuildFile; fileRef = 8475F7CB38774B45A55E1373 /* CDVAssetLibraryFilesystem.m */; };
		3211B250DB3B426F8DD1E755 /* CordovaHttpPlugin.m in Sources */ = {isa = PBXBuildFile; fileRef = 16BC1BF345E54F38BC1468C5 /* CordovaHttpPlugin.m */; };
		5A214BC4A7A74AF2BAA7B4D3 /* TextResponseSerializer.m in Sources */ = {isa = PBXBuildFile; fileRef = 346B1127BDCD45A88DED03FA /* TextResponseSerializer.m */; };
		EB00AE2DEA8B4D299999804B /* AFHTTPSessionManager.m in Sources */ = {isa = PBXBuildFile; fileRef = 3D3E735DBD6D4EE8BE095265 /* AFHTTPSessionManager.m */; };
		E9100C1431A4410BBB76B8F4 /* AFNetworkReachabilityManager.m in Sources */ = {isa = PBXBuildFile; fileRef = 816C939099B54D86A7CC4C75 /* AFNetworkReachabilityManager.m */; };
		6B06D20EB1CE4782B34BC94C /* AFSecurityPolicy.m in Sources */ = {isa = PBXBuildFile; fileRef = 2CEE00483E484E86804BA9FD /* AFSecurityPolicy.m */; };
		02F9D36D66EC41C78804C0D6 /* AFURLRequestSerialization.m in Sources */ = {isa = PBXBuildFile; fileRef = 6C199B6C51AB40408E44204C /* AFURLRequestSerialization.m */; };
		3983425E1D99441EAEA7BEF8 /* AFURLResponseSerialization.m in Sources */ = {isa = PBXBuildFile; fileRef = 795F682848E6455F94CF2548 /* AFURLResponseSerialization.m */; };
		04785B6F689246A2AD5A786F /* AFURLSessionManager.m in Sources */ = {isa = PBXBuildFile; fileRef = EE1D09A52F8241E9BD822FA4 /* AFURLSessionManager.m */; };
		73447D412A8A47BA991ACDF5 /* Security.framework in Frameworks */ = {isa = PBXBuildFile; fileRef = 3C72FFC437CB4E28875F02B1 /* Security.framework */; };
		230ABDA3B15045A0927098B3 /* SystemConfiguration.framework in Frameworks */ = {isa = PBXBuildFile; fileRef = D567A89C5FD548229ADB118A /* SystemConfiguration.framework */; };
		3C7AE9DF00FF4129BB3F927F /* CDVDevice.m in Sources */ = {isa = PBXBuildFile; fileRef = 50780CB4EE564D2794D91625 /* CDVDevice.m */; };
		38873E10834F4DE8A248CF23 /* FacebookConnectPlugin.m in Sources */ = {isa = PBXBuildFile; fileRef = DAFBD04BD4A44B2F83B54EBD /* FacebookConnectPlugin.m */; };
		4C79BB0AE49146D3885541A4 /* Bolts.framework in Frameworks */ = {isa = PBXBuildFile; fileRef = C21883C243AD42E3872419F5 /* Bolts.framework */; };
		775E3B429A0C495DB918112F /* FBSDKCoreKit.framework in Frameworks */ = {isa = PBXBuildFile; fileRef = 3A1BE55E55144CC581BB87DA /* FBSDKCoreKit.framework */; };
		150CB7A0587144FBAF727E79 /* FBSDKLoginKit.framework in Frameworks */ = {isa = PBXBuildFile; fileRef = 7A04777B5C1E4498A7837E3B /* FBSDKLoginKit.framework */; };
		C773EBE78A71440BADA5E07D /* FBSDKShareKit.framework in Frameworks */ = {isa = PBXBuildFile; fileRef = F210C68E1704438EB491C8ED /* FBSDKShareKit.framework */; };
		FFAE19A6946C449A96F4B03A /* CDVWKWebViewEngine.m in Sources */ = {isa = PBXBuildFile; fileRef = ED546C14A6FF4ED9B10B9BC6 /* CDVWKWebViewEngine.m */; };
		B737BCE9275A411591D7B938 /* CDVWKWebViewUIDelegate.m in Sources */ = {isa = PBXBuildFile; fileRef = 840BCCD191C54342A67D9DAA /* CDVWKWebViewUIDelegate.m */; };
		D866EA5411624CBEA76DB59D /* CDVWKProcessPoolFactory.m in Sources */ = {isa = PBXBuildFile; fileRef = D8081B4115134B179C8B310E /* CDVWKProcessPoolFactory.m */; };
		60BDCFDCC6364011B14C7A9E /* GCDWebServer.m in Sources */ = {isa = PBXBuildFile; fileRef = E7C4CC539F2D4159A80C12DC /* GCDWebServer.m */; };
		1B2495C479A148789889C17C /* GCDWebServerConnection.m in Sources */ = {isa = PBXBuildFile; fileRef = 31AF50B87A784CC3B6E979E4 /* GCDWebServerConnection.m */; };
		4AC24220E5A7494F85033429 /* GCDWebServerFunctions.m in Sources */ = {isa = PBXBuildFile; fileRef = D4629E2DB50448FBBF92605F /* GCDWebServerFunctions.m */; };
		2E4B6818B3B94E64A62B25FF /* GCDWebServerRequest.m in Sources */ = {isa = PBXBuildFile; fileRef = 9F20A998851043F3B2C556FB /* GCDWebServerRequest.m */; };
		9A9D1941239F475B809B9650 /* GCDWebServerResponse.m in Sources */ = {isa = PBXBuildFile; fileRef = F06D6B86B45A49D9B251C596 /* GCDWebServerResponse.m */; };
		FE636DF419B648C08256372C /* GCDWebServerDataRequest.m in Sources */ = {isa = PBXBuildFile; fileRef = 9D0213E9B27A4D36B5C51B63 /* GCDWebServerDataRequest.m */; };
		9A474E72413049D58C59B51C /* GCDWebServerFileRequest.m in Sources */ = {isa = PBXBuildFile; fileRef = F57EBFDFB85B424788326683 /* GCDWebServerFileRequest.m */; };
		B4B4C1B8306545D49AFC65E9 /* GCDWebServerMultiPartFormRequest.m in Sources */ = {isa = PBXBuildFile; fileRef = 5B75BAFDC78446918B20A1E0 /* GCDWebServerMultiPartFormRequest.m */; };
		B63D25D6D19B4E7FBE59EDC7 /* GCDWebServerURLEncodedFormRequest.m in Sources */ = {isa = PBXBuildFile; fileRef = AFA176FFFDE8423E9A497D8F /* GCDWebServerURLEncodedFormRequest.m */; };
		90D5EB02524442F18290BE99 /* GCDWebServerDataResponse.m in Sources */ = {isa = PBXBuildFile; fileRef = 7B19D51D419446DFA3C5D1C1 /* GCDWebServerDataResponse.m */; };
		5484AC14ED314E72904B2337 /* GCDWebServerErrorResponse.m in Sources */ = {isa = PBXBuildFile; fileRef = 899DB2F2171E4A2BB49C1D7A /* GCDWebServerErrorResponse.m */; };
		3F4994AD6BF64879ABEC2F84 /* GCDWebServerFileResponse.m in Sources */ = {isa = PBXBuildFile; fileRef = 7CF862EF894644C2BAC74714 /* GCDWebServerFileResponse.m */; };
		A9A29DA27FE64A8B9DF25904 /* GCDWebServerStreamedResponse.m in Sources */ = {isa = PBXBuildFile; fileRef = 91E78883DDF8463FB80B51FA /* GCDWebServerStreamedResponse.m */; };
		E27E28E3CC9F4AAF87A165D7 /* WebKit.framework in Frameworks */ = {isa = PBXBuildFile; fileRef = 554B46EA5D2140F3A53F6E74 /* WebKit.framework */; settings = {ATTRIBUTES = (Weak, ); }; };
		CBEBEBAC0E1F4746A53B9D34 /* libz.tbd in Frameworks */ = {isa = PBXBuildFile; fileRef = 2611180883FD40C9AF97E97A /* libz.tbd */; };
		C6710FC04FF54AF48A07721B /* NativeStorage.m in Sources */ = {isa = PBXBuildFile; fileRef = CFC399F3B02B42CFBE4433F8 /* NativeStorage.m */; };
		1C0F8A425EE34A3380DA07DE /* CDVSplashScreen.m in Sources */ = {isa = PBXBuildFile; fileRef = D2FF8111029345808965E8D3 /* CDVSplashScreen.m */; };
		70CA760303BB4274B91A7511 /* CDVViewController+SplashScreen.m in Sources */ = {isa = PBXBuildFile; fileRef = 08C04B86EC094566AEA8B476 /* CDVViewController+SplashScreen.m */; };
		C88BFDA994294DF289012A3B /* IonicKeyboard.m in Sources */ = {isa = PBXBuildFile; fileRef = 67BE838BDFC447E2BF582055 /* IonicKeyboard.m */; };
/* End PBXBuildFile section */

/* Begin PBXContainerItemProxy section */
		301BF534109A57CC0062928A /* PBXContainerItemProxy */ = {
			isa = PBXContainerItemProxy;
			containerPortal = 301BF52D109A57CC0062928A /* CordovaLib.xcodeproj */;
			proxyType = 2;
			remoteGlobalIDString = D2AAC07E0554694100DB518D;
			remoteInfo = CordovaLib;
		};
		301BF550109A68C00062928A /* PBXContainerItemProxy */ = {
			isa = PBXContainerItemProxy;
			containerPortal = 301BF52D109A57CC0062928A /* CordovaLib.xcodeproj */;
			proxyType = 1;
			remoteGlobalIDString = D2AAC07D0554694100DB518D;
			remoteInfo = CordovaLib;
		};
/* End PBXContainerItemProxy section */

/* Begin PBXFileReference section */
		0207DA571B56EA530066E2B4 /* Images.xcassets */ = {isa = PBXFileReference; lastKnownFileType = folder.assetcatalog; name = Images.xcassets; path = "TigerWealtgh/Images.xcassets"; sourceTree = SOURCE_ROOT; };
		1D3623240D0F684500981E51 /* AppDelegate.h */ = {isa = PBXFileReference; fileEncoding = 4; lastKnownFileType = sourcecode.c.h; path = AppDelegate.h; sourceTree = "<group>"; };
		1D3623250D0F684500981E51 /* AppDelegate.m */ = {isa = PBXFileReference; fileEncoding = 4; lastKnownFileType = sourcecode.c.objc; path = AppDelegate.m; sourceTree = "<group>"; };
		1D6058910D05DD3D006BFB54 /* TigerWealtgh.app */ = {isa = PBXFileReference; explicitFileType = wrapper.application; includeInIndex = 0; path = "TigerWealtgh.app"; sourceTree = BUILT_PRODUCTS_DIR; };
		29B97316FDCFA39411CA2CEA /* main.m */ = {isa = PBXFileReference; fileEncoding = 4; lastKnownFileType = sourcecode.c.objc; path = main.m; sourceTree = "<group>"; };
		301BF52D109A57CC0062928A /* CordovaLib.xcodeproj */ = {isa = PBXFileReference; lastKnownFileType = "wrapper.pb-project"; path = CordovaLib/CordovaLib.xcodeproj; sourceTree = "<group>"; };
		301BF56E109A69640062928A /* www */ = {isa = PBXFileReference; lastKnownFileType = folder; path = www; sourceTree = SOURCE_ROOT; };
		302D95EE14D2391D003F00A1 /* MainViewController.h */ = {isa = PBXFileReference; fileEncoding = 4; lastKnownFileType = sourcecode.c.h; path = MainViewController.h; sourceTree = "<group>"; };
		302D95EF14D2391D003F00A1 /* MainViewController.m */ = {isa = PBXFileReference; fileEncoding = 4; lastKnownFileType = sourcecode.c.objc; path = MainViewController.m; sourceTree = "<group>"; };
		302D95F014D2391D003F00A1 /* MainViewController.xib */ = {isa = PBXFileReference; fileEncoding = 4; lastKnownFileType = file.xib; path = MainViewController.xib; sourceTree = "<group>"; };
		3047A50F1AB8059700498E2A /* build-debug.xcconfig */ = {isa = PBXFileReference; fileEncoding = 4; lastKnownFileType = text.xcconfig; name = "build-debug.xcconfig"; path = cordova/build-debug.xcconfig; sourceTree = SOURCE_ROOT; };
		3047A5101AB8059700498E2A /* build-release.xcconfig */ = {isa = PBXFileReference; fileEncoding = 4; lastKnownFileType = text.xcconfig; name = "build-release.xcconfig"; path = cordova/build-release.xcconfig; sourceTree = SOURCE_ROOT; };
		3047A5111AB8059700498E2A /* build.xcconfig */ = {isa = PBXFileReference; fileEncoding = 4; lastKnownFileType = text.xcconfig; name = build.xcconfig; path = cordova/build.xcconfig; sourceTree = SOURCE_ROOT; };
		32CA4F630368D1EE00C91783 /* TigerWealtgh-Prefix.pch */ = {isa = PBXFileReference; fileEncoding = 4; lastKnownFileType = sourcecode.c.h; path = "TigerWealtgh-Prefix.pch"; sourceTree = "<group>"; };
		6AFF5BF81D6E424B00AB3073 /* CDVLaunchScreen.storyboard */ = {isa = PBXFileReference; fileEncoding = 4; lastKnownFileType = file.storyboard; name = CDVLaunchScreen.storyboard; path = "TigerWealtgh/CDVLaunchScreen.storyboard"; sourceTree = SOURCE_ROOT; };
		8D1107310486CEB800E47090 /* TigerWealtgh-Info.plist */ = {isa = PBXFileReference; fileEncoding = 4; lastKnownFileType = text.plist.xml; name = "TigerWealtgh-Info.plist"; path = "TigerWealtgh/TigerWealtgh-Info.plist"; plistStructureDefinitionIdentifier = "com.apple.xcode.plist.structure-definition.iphone.info-plist"; sourceTree = SOURCE_ROOT; };
		EB87FDF31871DA8E0020F90C /* www */ = {isa = PBXFileReference; lastKnownFileType = folder; name = www; path = ../../www; sourceTree = "<group>"; };
		EB87FDF41871DAF40020F90C /* config.xml */ = {isa = PBXFileReference; lastKnownFileType = text.xml; name = config.xml; path = ../../config.xml; sourceTree = "<group>"; };
		F840E1F0165FE0F500CFE078 /* config.xml */ = {isa = PBXFileReference; lastKnownFileType = text.xml; name = config.xml; path = "TigerWealtgh/config.xml"; sourceTree = "<group>"; };
		ED33DF2A687741AEAF9F8254 /* Bridging-Header.h */ = {isa = PBXFileReference; fileEncoding = 4; lastKnownFileType = sourcecode.c.h; name = "Bridging-Header.h"; path = "Bridging-Header.h"; sourceTree = "<group>"; };
		47CC8ABFFB4F4A3B836EA326 /* CDVFile.m */ = {isa = PBXFileReference; name = "CDVFile.m"; path = "cordova-plugin-file/CDVFile.m"; sourceTree = "<group>"; fileEncoding = 4; lastKnownFileType = sourcecode.c.objc; explicitFileType = undefined; includeInIndex = 0; };
		A38D464DB21848D783C1CF31 /* CDVLocalFilesystem.m */ = {isa = PBXFileReference; name = "CDVLocalFilesystem.m"; path = "cordova-plugin-file/CDVLocalFilesystem.m"; sourceTree = "<group>"; fileEncoding = 4; lastKnownFileType = sourcecode.c.objc; explicitFileType = undefined; includeInIndex = 0; };
		8475F7CB38774B45A55E1373 /* CDVAssetLibraryFilesystem.m */ = {isa = PBXFileReference; name = "CDVAssetLibraryFilesystem.m"; path = "cordova-plugin-file/CDVAssetLibraryFilesystem.m"; sourceTree = "<group>"; fileEncoding = 4; lastKnownFileType = sourcecode.c.objc; explicitFileType = undefined; includeInIndex = 0; };
		1E2BDB4816024057B2E655E6 /* CDVFile.h */ = {isa = PBXFileReference; name = "CDVFile.h"; path = "cordova-plugin-file/CDVFile.h"; sourceTree = "<group>"; fileEncoding = 4; lastKnownFileType = sourcecode.c.h; explicitFileType = undefined; includeInIndex = 0; };
		4141089D6BD2437B86AC587A /* CDVLocalFilesystem.h */ = {isa = PBXFileReference; name = "CDVLocalFilesystem.h"; path = "cordova-plugin-file/CDVLocalFilesystem.h"; sourceTree = "<group>"; fileEncoding = 4; lastKnownFileType = sourcecode.c.h; explicitFileType = undefined; includeInIndex = 0; };
		5CD37BB21F2D42F69EA19E8A /* CDVAssetLibraryFilesystem.h */ = {isa = PBXFileReference; name = "CDVAssetLibraryFilesystem.h"; path = "cordova-plugin-file/CDVAssetLibraryFilesystem.h"; sourceTree = "<group>"; fileEncoding = 4; lastKnownFileType = sourcecode.c.h; explicitFileType = undefined; includeInIndex = 0; };
		16BC1BF345E54F38BC1468C5 /* CordovaHttpPlugin.m */ = {isa = PBXFileReference; name = "CordovaHttpPlugin.m"; path = "cordova-plugin-advanced-http/CordovaHttpPlugin.m"; sourceTree = "<group>"; fileEncoding = 4; lastKnownFileType = sourcecode.c.objc; explicitFileType = undefined; includeInIndex = 0; };
		346B1127BDCD45A88DED03FA /* TextResponseSerializer.m */ = {isa = PBXFileReference; name = "TextResponseSerializer.m"; path = "cordova-plugin-advanced-http/TextResponseSerializer.m"; sourceTree = "<group>"; fileEncoding = 4; lastKnownFileType = sourcecode.c.objc; explicitFileType = undefined; includeInIndex = 0; };
		3D3E735DBD6D4EE8BE095265 /* AFHTTPSessionManager.m */ = {isa = PBXFileReference; name = "AFHTTPSessionManager.m"; path = "cordova-plugin-advanced-http/AFHTTPSessionManager.m"; sourceTree = "<group>"; fileEncoding = 4; lastKnownFileType = sourcecode.c.objc; explicitFileType = undefined; includeInIndex = 0; };
		816C939099B54D86A7CC4C75 /* AFNetworkReachabilityManager.m */ = {isa = PBXFileReference; name = "AFNetworkReachabilityManager.m"; path = "cordova-plugin-advanced-http/AFNetworkReachabilityManager.m"; sourceTree = "<group>"; fileEncoding = 4; lastKnownFileType = sourcecode.c.objc; explicitFileType = undefined; includeInIndex = 0; };
		2CEE00483E484E86804BA9FD /* AFSecurityPolicy.m */ = {isa = PBXFileReference; name = "AFSecurityPolicy.m"; path = "cordova-plugin-advanced-http/AFSecurityPolicy.m"; sourceTree = "<group>"; fileEncoding = 4; lastKnownFileType = sourcecode.c.objc; explicitFileType = undefined; includeInIndex = 0; };
		6C199B6C51AB40408E44204C /* AFURLRequestSerialization.m */ = {isa = PBXFileReference; name = "AFURLRequestSerialization.m"; path = "cordova-plugin-advanced-http/AFURLRequestSerialization.m"; sourceTree = "<group>"; fileEncoding = 4; lastKnownFileType = sourcecode.c.objc; explicitFileType = undefined; includeInIndex = 0; };
		795F682848E6455F94CF2548 /* AFURLResponseSerialization.m */ = {isa = PBXFileReference; name = "AFURLResponseSerialization.m"; path = "cordova-plugin-advanced-http/AFURLResponseSerialization.m"; sourceTree = "<group>"; fileEncoding = 4; lastKnownFileType = sourcecode.c.objc; explicitFileType = undefined; includeInIndex = 0; };
		EE1D09A52F8241E9BD822FA4 /* AFURLSessionManager.m */ = {isa = PBXFileReference; name = "AFURLSessionManager.m"; path = "cordova-plugin-advanced-http/AFURLSessionManager.m"; sourceTree = "<group>"; fileEncoding = 4; lastKnownFileType = sourcecode.c.objc; explicitFileType = undefined; includeInIndex = 0; };
		299CE281B4D94A5FBBF0A1B1 /* CordovaHttpPlugin.h */ = {isa = PBXFileReference; name = "CordovaHttpPlugin.h"; path = "cordova-plugin-advanced-http/CordovaHttpPlugin.h"; sourceTree = "<group>"; fileEncoding = 4; lastKnownFileType = sourcecode.c.h; explicitFileType = undefined; includeInIndex = 0; };
		9F1DF85A5844451E8A31E13E /* TextResponseSerializer.h */ = {isa = PBXFileReference; name = "TextResponseSerializer.h"; path = "cordova-plugin-advanced-http/TextResponseSerializer.h"; sourceTree = "<group>"; fileEncoding = 4; lastKnownFileType = sourcecode.c.h; explicitFileType = undefined; includeInIndex = 0; };
		4AE708611BFB4D87B85BF9D4 /* AFHTTPSessionManager.h */ = {isa = PBXFileReference; name = "AFHTTPSessionManager.h"; path = "cordova-plugin-advanced-http/AFHTTPSessionManager.h"; sourceTree = "<group>"; fileEncoding = 4; lastKnownFileType = sourcecode.c.h; explicitFileType = undefined; includeInIndex = 0; };
		49CA5CEF7A044F6B941C460F /* AFNetworking.h */ = {isa = PBXFileReference; name = "AFNetworking.h"; path = "cordova-plugin-advanced-http/AFNetworking.h"; sourceTree = "<group>"; fileEncoding = 4; lastKnownFileType = sourcecode.c.h; explicitFileType = undefined; includeInIndex = 0; };
		F5431E2FC07C4C3B97FEAB12 /* AFNetworkReachabilityManager.h */ = {isa = PBXFileReference; name = "AFNetworkReachabilityManager.h"; path = "cordova-plugin-advanced-http/AFNetworkReachabilityManager.h"; sourceTree = "<group>"; fileEncoding = 4; lastKnownFileType = sourcecode.c.h; explicitFileType = undefined; includeInIndex = 0; };
		94961B0EE63A489EA8F5F1A0 /* AFSecurityPolicy.h */ = {isa = PBXFileReference; name = "AFSecurityPolicy.h"; path = "cordova-plugin-advanced-http/AFSecurityPolicy.h"; sourceTree = "<group>"; fileEncoding = 4; lastKnownFileType = sourcecode.c.h; explicitFileType = undefined; includeInIndex = 0; };
		3BD8193104214B37BBBBB55D /* AFURLRequestSerialization.h */ = {isa = PBXFileReference; name = "AFURLRequestSerialization.h"; path = "cordova-plugin-advanced-http/AFURLRequestSerialization.h"; sourceTree = "<group>"; fileEncoding = 4; lastKnownFileType = sourcecode.c.h; explicitFileType = undefined; includeInIndex = 0; };
		316EDD64BEB94408BBD0363A /* AFURLResponseSerialization.h */ = {isa = PBXFileReference; name = "AFURLResponseSerialization.h"; path = "cordova-plugin-advanced-http/AFURLResponseSerialization.h"; sourceTree = "<group>"; fileEncoding = 4; lastKnownFileType = sourcecode.c.h; explicitFileType = undefined; includeInIndex = 0; };
		3989DAB463F946CC91E54D8C /* AFURLSessionManager.h */ = {isa = PBXFileReference; name = "AFURLSessionManager.h"; path = "cordova-plugin-advanced-http/AFURLSessionManager.h"; sourceTree = "<group>"; fileEncoding = 4; lastKnownFileType = sourcecode.c.h; explicitFileType = undefined; includeInIndex = 0; };
		3C72FFC437CB4E28875F02B1 /* Security.framework */ = {isa = PBXFileReference; name = "Security.framework"; path = "System/Library/Frameworks/Security.framework"; sourceTree = SDKROOT; fileEncoding = undefined; lastKnownFileType = wrapper.framework; explicitFileType = undefined; includeInIndex = 0; };
		D567A89C5FD548229ADB118A /* SystemConfiguration.framework */ = {isa = PBXFileReference; name = "SystemConfiguration.framework"; path = "System/Library/Frameworks/SystemConfiguration.framework"; sourceTree = SDKROOT; fileEncoding = undefined; lastKnownFileType = wrapper.framework; explicitFileType = undefined; includeInIndex = 0; };
		50780CB4EE564D2794D91625 /* CDVDevice.m */ = {isa = PBXFileReference; name = "CDVDevice.m"; path = "cordova-plugin-device/CDVDevice.m"; sourceTree = "<group>"; fileEncoding = 4; lastKnownFileType = sourcecode.c.objc; explicitFileType = undefined; includeInIndex = 0; };
		11AD16A570E94845807BC3C3 /* CDVDevice.h */ = {isa = PBXFileReference; name = "CDVDevice.h"; path = "cordova-plugin-device/CDVDevice.h"; sourceTree = "<group>"; fileEncoding = 4; lastKnownFileType = sourcecode.c.h; explicitFileType = undefined; includeInIndex = 0; };
		DAFBD04BD4A44B2F83B54EBD /* FacebookConnectPlugin.m */ = {isa = PBXFileReference; name = "FacebookConnectPlugin.m"; path = "cordova-plugin-facebook4/FacebookConnectPlugin.m"; sourceTree = "<group>"; fileEncoding = 4; lastKnownFileType = sourcecode.c.objc; explicitFileType = undefined; includeInIndex = 0; };
		B0B85182681D463A842269A0 /* FacebookConnectPlugin.h */ = {isa = PBXFileReference; name = "FacebookConnectPlugin.h"; path = "cordova-plugin-facebook4/FacebookConnectPlugin.h"; sourceTree = "<group>"; fileEncoding = 4; lastKnownFileType = sourcecode.c.h; explicitFileType = undefined; includeInIndex = 0; };
		C21883C243AD42E3872419F5 /* Bolts.framework */ = {isa = PBXFileReference; name = "Bolts.framework"; path = "TigerWealtgh/Plugins/cordova-plugin-facebook4/Bolts.framework"; sourceTree = "<group>"; fileEncoding = undefined; lastKnownFileType = wrapper.framework; explicitFileType = undefined; includeInIndex = 0; };
		3A1BE55E55144CC581BB87DA /* FBSDKCoreKit.framework */ = {isa = PBXFileReference; name = "FBSDKCoreKit.framework"; path = "TigerWealtgh/Plugins/cordova-plugin-facebook4/FBSDKCoreKit.framework"; sourceTree = "<group>"; fileEncoding = undefined; lastKnownFileType = wrapper.framework; explicitFileType = undefined; includeInIndex = 0; };
		7A04777B5C1E4498A7837E3B /* FBSDKLoginKit.framework */ = {isa = PBXFileReference; name = "FBSDKLoginKit.framework"; path = "TigerWealtgh/Plugins/cordova-plugin-facebook4/FBSDKLoginKit.framework"; sourceTree = "<group>"; fileEncoding = undefined; lastKnownFileType = wrapper.framework; explicitFileType = undefined; includeInIndex = 0; };
		F210C68E1704438EB491C8ED /* FBSDKShareKit.framework */ = {isa = PBXFileReference; name = "FBSDKShareKit.framework"; path = "TigerWealtgh/Plugins/cordova-plugin-facebook4/FBSDKShareKit.framework"; sourceTree = "<group>"; fileEncoding = undefined; lastKnownFileType = wrapper.framework; explicitFileType = undefined; includeInIndex = 0; };
		ED546C14A6FF4ED9B10B9BC6 /* CDVWKWebViewEngine.m */ = {isa = PBXFileReference; name = "CDVWKWebViewEngine.m"; path = "cordova-plugin-ionic-webview/CDVWKWebViewEngine.m"; sourceTree = "<group>"; fileEncoding = 4; lastKnownFileType = sourcecode.c.objc; explicitFileType = undefined; includeInIndex = 0; };
		840BCCD191C54342A67D9DAA /* CDVWKWebViewUIDelegate.m */ = {isa = PBXFileReference; name = "CDVWKWebViewUIDelegate.m"; path = "cordova-plugin-ionic-webview/CDVWKWebViewUIDelegate.m"; sourceTree = "<group>"; fileEncoding = 4; lastKnownFileType = sourcecode.c.objc; explicitFileType = undefined; includeInIndex = 0; };
		D8081B4115134B179C8B310E /* CDVWKProcessPoolFactory.m */ = {isa = PBXFileReference; name = "CDVWKProcessPoolFactory.m"; path = "cordova-plugin-ionic-webview/CDVWKProcessPoolFactory.m"; sourceTree = "<group>"; fileEncoding = 4; lastKnownFileType = sourcecode.c.objc; explicitFileType = undefined; includeInIndex = 0; };
		E7C4CC539F2D4159A80C12DC /* GCDWebServer.m */ = {isa = PBXFileReference; name = "GCDWebServer.m"; path = "cordova-plugin-ionic-webview/GCDWebServer.m"; sourceTree = "<group>"; fileEncoding = 4; lastKnownFileType = sourcecode.c.objc; explicitFileType = undefined; includeInIndex = 0; };
		31AF50B87A784CC3B6E979E4 /* GCDWebServerConnection.m */ = {isa = PBXFileReference; name = "GCDWebServerConnection.m"; path = "cordova-plugin-ionic-webview/GCDWebServerConnection.m"; sourceTree = "<group>"; fileEncoding = 4; lastKnownFileType = sourcecode.c.objc; explicitFileType = undefined; includeInIndex = 0; };
		D4629E2DB50448FBBF92605F /* GCDWebServerFunctions.m */ = {isa = PBXFileReference; name = "GCDWebServerFunctions.m"; path = "cordova-plugin-ionic-webview/GCDWebServerFunctions.m"; sourceTree = "<group>"; fileEncoding = 4; lastKnownFileType = sourcecode.c.objc; explicitFileType = undefined; includeInIndex = 0; };
		9F20A998851043F3B2C556FB /* GCDWebServerRequest.m */ = {isa = PBXFileReference; name = "GCDWebServerRequest.m"; path = "cordova-plugin-ionic-webview/GCDWebServerRequest.m"; sourceTree = "<group>"; fileEncoding = 4; lastKnownFileType = sourcecode.c.objc; explicitFileType = undefined; includeInIndex = 0; };
		F06D6B86B45A49D9B251C596 /* GCDWebServerResponse.m */ = {isa = PBXFileReference; name = "GCDWebServerResponse.m"; path = "cordova-plugin-ionic-webview/GCDWebServerResponse.m"; sourceTree = "<group>"; fileEncoding = 4; lastKnownFileType = sourcecode.c.objc; explicitFileType = undefined; includeInIndex = 0; };
		9D0213E9B27A4D36B5C51B63 /* GCDWebServerDataRequest.m */ = {isa = PBXFileReference; name = "GCDWebServerDataRequest.m"; path = "cordova-plugin-ionic-webview/GCDWebServerDataRequest.m"; sourceTree = "<group>"; fileEncoding = 4; lastKnownFileType = sourcecode.c.objc; explicitFileType = undefined; includeInIndex = 0; };
		F57EBFDFB85B424788326683 /* GCDWebServerFileRequest.m */ = {isa = PBXFileReference; name = "GCDWebServerFileRequest.m"; path = "cordova-plugin-ionic-webview/GCDWebServerFileRequest.m"; sourceTree = "<group>"; fileEncoding = 4; lastKnownFileType = sourcecode.c.objc; explicitFileType = undefined; includeInIndex = 0; };
		5B75BAFDC78446918B20A1E0 /* GCDWebServerMultiPartFormRequest.m */ = {isa = PBXFileReference; name = "GCDWebServerMultiPartFormRequest.m"; path = "cordova-plugin-ionic-webview/GCDWebServerMultiPartFormRequest.m"; sourceTree = "<group>"; fileEncoding = 4; lastKnownFileType = sourcecode.c.objc; explicitFileType = undefined; includeInIndex = 0; };
		AFA176FFFDE8423E9A497D8F /* GCDWebServerURLEncodedFormRequest.m */ = {isa = PBXFileReference; name = "GCDWebServerURLEncodedFormRequest.m"; path = "cordova-plugin-ionic-webview/GCDWebServerURLEncodedFormRequest.m"; sourceTree = "<group>"; fileEncoding = 4; lastKnownFileType = sourcecode.c.objc; explicitFileType = undefined; includeInIndex = 0; };
		7B19D51D419446DFA3C5D1C1 /* GCDWebServerDataResponse.m */ = {isa = PBXFileReference; name = "GCDWebServerDataResponse.m"; path = "cordova-plugin-ionic-webview/GCDWebServerDataResponse.m"; sourceTree = "<group>"; fileEncoding = 4; lastKnownFileType = sourcecode.c.objc; explicitFileType = undefined; includeInIndex = 0; };
		899DB2F2171E4A2BB49C1D7A /* GCDWebServerErrorResponse.m */ = {isa = PBXFileReference; name = "GCDWebServerErrorResponse.m"; path = "cordova-plugin-ionic-webview/GCDWebServerErrorResponse.m"; sourceTree = "<group>"; fileEncoding = 4; lastKnownFileType = sourcecode.c.objc; explicitFileType = undefined; includeInIndex = 0; };
		7CF862EF894644C2BAC74714 /* GCDWebServerFileResponse.m */ = {isa = PBXFileReference; name = "GCDWebServerFileResponse.m"; path = "cordova-plugin-ionic-webview/GCDWebServerFileResponse.m"; sourceTree = "<group>"; fileEncoding = 4; lastKnownFileType = sourcecode.c.objc; explicitFileType = undefined; includeInIndex = 0; };
		91E78883DDF8463FB80B51FA /* GCDWebServerStreamedResponse.m */ = {isa = PBXFileReference; name = "GCDWebServerStreamedResponse.m"; path = "cordova-plugin-ionic-webview/GCDWebServerStreamedResponse.m"; sourceTree = "<group>"; fileEncoding = 4; lastKnownFileType = sourcecode.c.objc; explicitFileType = undefined; includeInIndex = 0; };
		C56FA8EE93984293BE662733 /* CDVWKWebViewEngine.h */ = {isa = PBXFileReference; name = "CDVWKWebViewEngine.h"; path = "cordova-plugin-ionic-webview/CDVWKWebViewEngine.h"; sourceTree = "<group>"; fileEncoding = 4; lastKnownFileType = sourcecode.c.h; explicitFileType = undefined; includeInIndex = 0; };
		763A8EB0BBD54D12BBF87BA9 /* CDVWKWebViewUIDelegate.h */ = {isa = PBXFileReference; name = "CDVWKWebViewUIDelegate.h"; path = "cordova-plugin-ionic-webview/CDVWKWebViewUIDelegate.h"; sourceTree = "<group>"; fileEncoding = 4; lastKnownFileType = sourcecode.c.h; explicitFileType = undefined; includeInIndex = 0; };
		7873F78CC6C048BAB243612E /* CDVWKProcessPoolFactory.h */ = {isa = PBXFileReference; name = "CDVWKProcessPoolFactory.h"; path = "cordova-plugin-ionic-webview/CDVWKProcessPoolFactory.h"; sourceTree = "<group>"; fileEncoding = 4; lastKnownFileType = sourcecode.c.h; explicitFileType = undefined; includeInIndex = 0; };
		EFF586D800CB4721B1808503 /* GCDWebServer.h */ = {isa = PBXFileReference; name = "GCDWebServer.h"; path = "cordova-plugin-ionic-webview/GCDWebServer.h"; sourceTree = "<group>"; fileEncoding = 4; lastKnownFileType = sourcecode.c.h; explicitFileType = undefined; includeInIndex = 0; };
		F3131604CA9B43B09248DA24 /* GCDWebServerConnection.h */ = {isa = PBXFileReference; name = "GCDWebServerConnection.h"; path = "cordova-plugin-ionic-webview/GCDWebServerConnection.h"; sourceTree = "<group>"; fileEncoding = 4; lastKnownFileType = sourcecode.c.h; explicitFileType = undefined; includeInIndex = 0; };
		F74AF628F40B4A6996B39707 /* GCDWebServerFunctions.h */ = {isa = PBXFileReference; name = "GCDWebServerFunctions.h"; path = "cordova-plugin-ionic-webview/GCDWebServerFunctions.h"; sourceTree = "<group>"; fileEncoding = 4; lastKnownFileType = sourcecode.c.h; explicitFileType = undefined; includeInIndex = 0; };
		169854DDF775463695A12FB7 /* GCDWebServerHTTPStatusCodes.h */ = {isa = PBXFileReference; name = "GCDWebServerHTTPStatusCodes.h"; path = "cordova-plugin-ionic-webview/GCDWebServerHTTPStatusCodes.h"; sourceTree = "<group>"; fileEncoding = 4; lastKnownFileType = sourcecode.c.h; explicitFileType = undefined; includeInIndex = 0; };
		E3F30430381B47FB8319039A /* GCDWebServerPrivate.h */ = {isa = PBXFileReference; name = "GCDWebServerPrivate.h"; path = "cordova-plugin-ionic-webview/GCDWebServerPrivate.h"; sourceTree = "<group>"; fileEncoding = 4; lastKnownFileType = sourcecode.c.h; explicitFileType = undefined; includeInIndex = 0; };
		020C6B3D0AD64016A71D1F9D /* GCDWebServerRequest.h */ = {isa = PBXFileReference; name = "GCDWebServerRequest.h"; path = "cordova-plugin-ionic-webview/GCDWebServerRequest.h"; sourceTree = "<group>"; fileEncoding = 4; lastKnownFileType = sourcecode.c.h; explicitFileType = undefined; includeInIndex = 0; };
		28236206AE6F47DEA1A4518B /* GCDWebServerResponse.h */ = {isa = PBXFileReference; name = "GCDWebServerResponse.h"; path = "cordova-plugin-ionic-webview/GCDWebServerResponse.h"; sourceTree = "<group>"; fileEncoding = 4; lastKnownFileType = sourcecode.c.h; explicitFileType = undefined; includeInIndex = 0; };
		1C61722C693A40FFA675F11C /* GCDWebServerDataRequest.h */ = {isa = PBXFileReference; name = "GCDWebServerDataRequest.h"; path = "cordova-plugin-ionic-webview/GCDWebServerDataRequest.h"; sourceTree = "<group>"; fileEncoding = 4; lastKnownFileType = sourcecode.c.h; explicitFileType = undefined; includeInIndex = 0; };
		778D59567FC74FBE853D236D /* GCDWebServerFileRequest.h */ = {isa = PBXFileReference; name = "GCDWebServerFileRequest.h"; path = "cordova-plugin-ionic-webview/GCDWebServerFileRequest.h"; sourceTree = "<group>"; fileEncoding = 4; lastKnownFileType = sourcecode.c.h; explicitFileType = undefined; includeInIndex = 0; };
		592459D445A94BF3888D5F59 /* GCDWebServerMultiPartFormRequest.h */ = {isa = PBXFileReference; name = "GCDWebServerMultiPartFormRequest.h"; path = "cordova-plugin-ionic-webview/GCDWebServerMultiPartFormRequest.h"; sourceTree = "<group>"; fileEncoding = 4; lastKnownFileType = sourcecode.c.h; explicitFileType = undefined; includeInIndex = 0; };
		3CB3682639F84E978573D791 /* GCDWebServerURLEncodedFormRequest.h */ = {isa = PBXFileReference; name = "GCDWebServerURLEncodedFormRequest.h"; path = "cordova-plugin-ionic-webview/GCDWebServerURLEncodedFormRequest.h"; sourceTree = "<group>"; fileEncoding = 4; lastKnownFileType = sourcecode.c.h; explicitFileType = undefined; includeInIndex = 0; };
		39E6E2C0FBDC46DBAC87DD97 /* GCDWebServerDataResponse.h */ = {isa = PBXFileReference; name = "GCDWebServerDataResponse.h"; path = "cordova-plugin-ionic-webview/GCDWebServerDataResponse.h"; sourceTree = "<group>"; fileEncoding = 4; lastKnownFileType = sourcecode.c.h; explicitFileType = undefined; includeInIndex = 0; };
		5B6D93B57E5A4377AE883739 /* GCDWebServerErrorResponse.h */ = {isa = PBXFileReference; name = "GCDWebServerErrorResponse.h"; path = "cordova-plugin-ionic-webview/GCDWebServerErrorResponse.h"; sourceTree = "<group>"; fileEncoding = 4; lastKnownFileType = sourcecode.c.h; explicitFileType = undefined; includeInIndex = 0; };
		8ABF25C48F8744E29F13B1A4 /* GCDWebServerFileResponse.h */ = {isa = PBXFileReference; name = "GCDWebServerFileResponse.h"; path = "cordova-plugin-ionic-webview/GCDWebServerFileResponse.h"; sourceTree = "<group>"; fileEncoding = 4; lastKnownFileType = sourcecode.c.h; explicitFileType = undefined; includeInIndex = 0; };
		E67382ACBBF14D8CB2F50301 /* GCDWebServerStreamedResponse.h */ = {isa = PBXFileReference; name = "GCDWebServerStreamedResponse.h"; path = "cordova-plugin-ionic-webview/GCDWebServerStreamedResponse.h"; sourceTree = "<group>"; fileEncoding = 4; lastKnownFileType = sourcecode.c.h; explicitFileType = undefined; includeInIndex = 0; };
		554B46EA5D2140F3A53F6E74 /* WebKit.framework */ = {isa = PBXFileReference; name = "WebKit.framework"; path = "System/Library/Frameworks/WebKit.framework"; sourceTree = SDKROOT; fileEncoding = undefined; lastKnownFileType = wrapper.framework; explicitFileType = undefined; includeInIndex = 0; };
		2611180883FD40C9AF97E97A /* libz.tbd */ = {isa = PBXFileReference; name = "libz.tbd"; path = "usr/lib/libz.tbd"; sourceTree = SDKROOT; fileEncoding = undefined; lastKnownFileType = sourcecode.text-based-dylib-definition; explicitFileType = undefined; includeInIndex = 0; };
		CFC399F3B02B42CFBE4433F8 /* NativeStorage.m */ = {isa = PBXFileReference; name = "NativeStorage.m"; path = "cordova-plugin-nativestorage/NativeStorage.m"; sourceTree = "<group>"; fileEncoding = 4; lastKnownFileType = sourcecode.c.objc; explicitFileType = undefined; includeInIndex = 0; };
		5D20C840CC3F4F0187F5DC6E /* NativeStorage.h */ = {isa = PBXFileReference; name = "NativeStorage.h"; path = "cordova-plugin-nativestorage/NativeStorage.h"; sourceTree = "<group>"; fileEncoding = 4; lastKnownFileType = sourcecode.c.h; explicitFileType = undefined; includeInIndex = 0; };
		D2FF8111029345808965E8D3 /* CDVSplashScreen.m */ = {isa = PBXFileReference; name = "CDVSplashScreen.m"; path = "cordova-plugin-splashscreen/CDVSplashScreen.m"; sourceTree = "<group>"; fileEncoding = 4; lastKnownFileType = sourcecode.c.objc; explicitFileType = undefined; includeInIndex = 0; };
		08C04B86EC094566AEA8B476 /* CDVViewController+SplashScreen.m */ = {isa = PBXFileReference; name = "CDVViewController+SplashScreen.m"; path = "cordova-plugin-splashscreen/CDVViewController+SplashScreen.m"; sourceTree = "<group>"; fileEncoding = 4; lastKnownFileType = sourcecode.c.objc; explicitFileType = undefined; includeInIndex = 0; };
		34BD286E6F28424BABC766D5 /* CDVSplashScreen.h */ = {isa = PBXFileReference; name = "CDVSplashScreen.h"; path = "cordova-plugin-splashscreen/CDVSplashScreen.h"; sourceTree = "<group>"; fileEncoding = 4; lastKnownFileType = sourcecode.c.h; explicitFileType = undefined; includeInIndex = 0; };
		8F4CC8B02D6A49CEBFD1DE93 /* CDVViewController+SplashScreen.h */ = {isa = PBXFileReference; name = "CDVViewController+SplashScreen.h"; path = "cordova-plugin-splashscreen/CDVViewController+SplashScreen.h"; sourceTree = "<group>"; fileEncoding = 4; lastKnownFileType = sourcecode.c.h; explicitFileType = undefined; includeInIndex = 0; };
		67BE838BDFC447E2BF582055 /* IonicKeyboard.m */ = {isa = PBXFileReference; name = "IonicKeyboard.m"; path = "ionic-plugin-keyboard/IonicKeyboard.m"; sourceTree = "<group>"; fileEncoding = 4; lastKnownFileType = sourcecode.c.objc; explicitFileType = undefined; includeInIndex = 0; };
		004641FDAA4D40A69FC519FE /* IonicKeyboard.h */ = {isa = PBXFileReference; name = "IonicKeyboard.h"; path = "ionic-plugin-keyboard/IonicKeyboard.h"; sourceTree = "<group>"; fileEncoding = 4; lastKnownFileType = sourcecode.c.h; explicitFileType = undefined; includeInIndex = 0; };
/* End PBXFileReference section */

/* Begin PBXFrameworksBuildPhase section */
		1D60588F0D05DD3D006BFB54 /* Frameworks */ = {
			isa = PBXFrameworksBuildPhase;
			buildActionMask = 2147483647;
			files = (
				301BF552109A68D80062928A /* libCordova.a in Frameworks */,
				73447D412A8A47BA991ACDF5 /* Security.framework in Frameworks */,
				230ABDA3B15045A0927098B3 /* SystemConfiguration.framework in Frameworks */,
				4C79BB0AE49146D3885541A4 /* Bolts.framework in Frameworks */,
				775E3B429A0C495DB918112F /* FBSDKCoreKit.framework in Frameworks */,
				150CB7A0587144FBAF727E79 /* FBSDKLoginKit.framework in Frameworks */,
				C773EBE78A71440BADA5E07D /* FBSDKShareKit.framework in Frameworks */,
				E27E28E3CC9F4AAF87A165D7 /* WebKit.framework in Frameworks */,
				CBEBEBAC0E1F4746A53B9D34 /* libz.tbd in Frameworks */,
			);
			runOnlyForDeploymentPostprocessing = 0;
		};
/* End PBXFrameworksBuildPhase section */

/* Begin PBXGroup section */
		080E96DDFE201D6D7F000001 /* Classes */ = {
			isa = PBXGroup;
			children = (
				302D95EE14D2391D003F00A1 /* MainViewController.h */,
				302D95EF14D2391D003F00A1 /* MainViewController.m */,
				302D95F014D2391D003F00A1 /* MainViewController.xib */,
				1D3623240D0F684500981E51 /* AppDelegate.h */,
				1D3623250D0F684500981E51 /* AppDelegate.m */,
			);
			name = Classes;
			path = "TigerWealtgh/Classes";
			sourceTree = SOURCE_ROOT;
		};
		19C28FACFE9D520D11CA2CBB /* Products */ = {
			isa = PBXGroup;
			children = (
				1D6058910D05DD3D006BFB54 /* TigerWealtgh.app */,
			);
			name = Products;
			sourceTree = "<group>";
		};
		29B97314FDCFA39411CA2CEA /* CustomTemplate */ = {
			isa = PBXGroup;
			children = (
				EB87FDF41871DAF40020F90C /* config.xml */,
				EB87FDF31871DA8E0020F90C /* www */,
				EB87FDF11871DA420020F90C /* Staging */,
				301BF52D109A57CC0062928A /* CordovaLib.xcodeproj */,
				080E96DDFE201D6D7F000001 /* Classes */,
				307C750510C5A3420062BCA9 /* Plugins */,
				29B97315FDCFA39411CA2CEA /* Other Sources */,
				29B97317FDCFA39411CA2CEA /* Resources */,
				29B97323FDCFA39411CA2CEA /* Frameworks */,
				19C28FACFE9D520D11CA2CBB /* Products */,
			);
			name = CustomTemplate;
			sourceTree = "<group>";
		};
		29B97315FDCFA39411CA2CEA /* Other Sources */ = {
			isa = PBXGroup;
			children = (
				32CA4F630368D1EE00C91783 /* TigerWealtgh-Prefix.pch */,
				29B97316FDCFA39411CA2CEA /* main.m */,
				ED33DF2A687741AEAF9F8254 /* Bridging-Header.h */,
			);
			name = "Other Sources";
			path = "TigerWealtgh";
			sourceTree = "<group>";
		};
		29B97317FDCFA39411CA2CEA /* Resources */ = {
			isa = PBXGroup;
			children = (
				0207DA571B56EA530066E2B4 /* Images.xcassets */,
				3047A50E1AB8057F00498E2A /* config */,
				8D1107310486CEB800E47090 /* TigerWealtgh-Info.plist */,
				6AFF5BF81D6E424B00AB3073 /* CDVLaunchScreen.storyboard */,
			);
			name = Resources;
			path = "TigerWealtgh/Resources";
			sourceTree = "<group>";
		};
		29B97323FDCFA39411CA2CEA /* Frameworks */ = {
			isa = PBXGroup;
			children = (
				3C72FFC437CB4E28875F02B1 /* Security.framework */,
				D567A89C5FD548229ADB118A /* SystemConfiguration.framework */,
				C21883C243AD42E3872419F5 /* Bolts.framework */,
				3A1BE55E55144CC581BB87DA /* FBSDKCoreKit.framework */,
				7A04777B5C1E4498A7837E3B /* FBSDKLoginKit.framework */,
				F210C68E1704438EB491C8ED /* FBSDKShareKit.framework */,
				554B46EA5D2140F3A53F6E74 /* WebKit.framework */,
				2611180883FD40C9AF97E97A /* libz.tbd */,
			);
			name = Frameworks;
			sourceTree = "<group>";
		};
		301BF52E109A57CC0062928A /* Products */ = {
			isa = PBXGroup;
			children = (
				301BF535109A57CC0062928A /* libCordova.a */,
			);
			name = Products;
			sourceTree = "<group>";
		};
		3047A50E1AB8057F00498E2A /* config */ = {
			isa = PBXGroup;
			children = (
				3047A50F1AB8059700498E2A /* build-debug.xcconfig */,
				3047A5101AB8059700498E2A /* build-release.xcconfig */,
				3047A5111AB8059700498E2A /* build.xcconfig */,
			);
			name = config;
			sourceTree = "<group>";
		};
		307C750510C5A3420062BCA9 /* Plugins */ = {
			isa = PBXGroup;
			children = (
				47CC8ABFFB4F4A3B836EA326 /* CDVFile.m */,
				A38D464DB21848D783C1CF31 /* CDVLocalFilesystem.m */,
				8475F7CB38774B45A55E1373 /* CDVAssetLibraryFilesystem.m */,
				1E2BDB4816024057B2E655E6 /* CDVFile.h */,
				4141089D6BD2437B86AC587A /* CDVLocalFilesystem.h */,
				5CD37BB21F2D42F69EA19E8A /* CDVAssetLibraryFilesystem.h */,
				16BC1BF345E54F38BC1468C5 /* CordovaHttpPlugin.m */,
				346B1127BDCD45A88DED03FA /* TextResponseSerializer.m */,
				3D3E735DBD6D4EE8BE095265 /* AFHTTPSessionManager.m */,
				816C939099B54D86A7CC4C75 /* AFNetworkReachabilityManager.m */,
				2CEE00483E484E86804BA9FD /* AFSecurityPolicy.m */,
				6C199B6C51AB40408E44204C /* AFURLRequestSerialization.m */,
				795F682848E6455F94CF2548 /* AFURLResponseSerialization.m */,
				EE1D09A52F8241E9BD822FA4 /* AFURLSessionManager.m */,
				299CE281B4D94A5FBBF0A1B1 /* CordovaHttpPlugin.h */,
				9F1DF85A5844451E8A31E13E /* TextResponseSerializer.h */,
				4AE708611BFB4D87B85BF9D4 /* AFHTTPSessionManager.h */,
				49CA5CEF7A044F6B941C460F /* AFNetworking.h */,
				F5431E2FC07C4C3B97FEAB12 /* AFNetworkReachabilityManager.h */,
				94961B0EE63A489EA8F5F1A0 /* AFSecurityPolicy.h */,
				3BD8193104214B37BBBBB55D /* AFURLRequestSerialization.h */,
				316EDD64BEB94408BBD0363A /* AFURLResponseSerialization.h */,
				3989DAB463F946CC91E54D8C /* AFURLSessionManager.h */,
				50780CB4EE564D2794D91625 /* CDVDevice.m */,
				11AD16A570E94845807BC3C3 /* CDVDevice.h */,
				DAFBD04BD4A44B2F83B54EBD /* FacebookConnectPlugin.m */,
				B0B85182681D463A842269A0 /* FacebookConnectPlugin.h */,
				ED546C14A6FF4ED9B10B9BC6 /* CDVWKWebViewEngine.m */,
				840BCCD191C54342A67D9DAA /* CDVWKWebViewUIDelegate.m */,
				D8081B4115134B179C8B310E /* CDVWKProcessPoolFactory.m */,
				E7C4CC539F2D4159A80C12DC /* GCDWebServer.m */,
				31AF50B87A784CC3B6E979E4 /* GCDWebServerConnection.m */,
				D4629E2DB50448FBBF92605F /* GCDWebServerFunctions.m */,
				9F20A998851043F3B2C556FB /* GCDWebServerRequest.m */,
				F06D6B86B45A49D9B251C596 /* GCDWebServerResponse.m */,
				9D0213E9B27A4D36B5C51B63 /* GCDWebServerDataRequest.m */,
				F57EBFDFB85B424788326683 /* GCDWebServerFileRequest.m */,
				5B75BAFDC78446918B20A1E0 /* GCDWebServerMultiPartFormRequest.m */,
				AFA176FFFDE8423E9A497D8F /* GCDWebServerURLEncodedFormRequest.m */,
				7B19D51D419446DFA3C5D1C1 /* GCDWebServerDataResponse.m */,
				899DB2F2171E4A2BB49C1D7A /* GCDWebServerErrorResponse.m */,
				7CF862EF894644C2BAC74714 /* GCDWebServerFileResponse.m */,
				91E78883DDF8463FB80B51FA /* GCDWebServerStreamedResponse.m */,
				C56FA8EE93984293BE662733 /* CDVWKWebViewEngine.h */,
				763A8EB0BBD54D12BBF87BA9 /* CDVWKWebViewUIDelegate.h */,
				7873F78CC6C048BAB243612E /* CDVWKProcessPoolFactory.h */,
				EFF586D800CB4721B1808503 /* GCDWebServer.h */,
				F3131604CA9B43B09248DA24 /* GCDWebServerConnection.h */,
				F74AF628F40B4A6996B39707 /* GCDWebServerFunctions.h */,
				169854DDF775463695A12FB7 /* GCDWebServerHTTPStatusCodes.h */,
				E3F30430381B47FB8319039A /* GCDWebServerPrivate.h */,
				020C6B3D0AD64016A71D1F9D /* GCDWebServerRequest.h */,
				28236206AE6F47DEA1A4518B /* GCDWebServerResponse.h */,
				1C61722C693A40FFA675F11C /* GCDWebServerDataRequest.h */,
				778D59567FC74FBE853D236D /* GCDWebServerFileRequest.h */,
				592459D445A94BF3888D5F59 /* GCDWebServerMultiPartFormRequest.h */,
				3CB3682639F84E978573D791 /* GCDWebServerURLEncodedFormRequest.h */,
				39E6E2C0FBDC46DBAC87DD97 /* GCDWebServerDataResponse.h */,
				5B6D93B57E5A4377AE883739 /* GCDWebServerErrorResponse.h */,
				8ABF25C48F8744E29F13B1A4 /* GCDWebServerFileResponse.h */,
				E67382ACBBF14D8CB2F50301 /* GCDWebServerStreamedResponse.h */,
				CFC399F3B02B42CFBE4433F8 /* NativeStorage.m */,
				5D20C840CC3F4F0187F5DC6E /* NativeStorage.h */,
				D2FF8111029345808965E8D3 /* CDVSplashScreen.m */,
				08C04B86EC094566AEA8B476 /* CDVViewController+SplashScreen.m */,
				34BD286E6F28424BABC766D5 /* CDVSplashScreen.h */,
				8F4CC8B02D6A49CEBFD1DE93 /* CDVViewController+SplashScreen.h */,
				67BE838BDFC447E2BF582055 /* IonicKeyboard.m */,
				004641FDAA4D40A69FC519FE /* IonicKeyboard.h */,
			);
			name = Plugins;
			path = "TigerWealtgh/Plugins";
			sourceTree = SOURCE_ROOT;
		};
		EB87FDF11871DA420020F90C /* Staging */ = {
			isa = PBXGroup;
			children = (
				F840E1F0165FE0F500CFE078 /* config.xml */,
				301BF56E109A69640062928A /* www */,
			);
			name = Staging;
			sourceTree = "<group>";
		};
/* End PBXGroup section */

/* Begin PBXNativeTarget section */
		1D6058900D05DD3D006BFB54 /* TigerWealtgh */ = {
			isa = PBXNativeTarget;
			buildConfigurationList = 1D6058960D05DD3E006BFB54 /* Build configuration list for PBXNativeTarget "TigerWealtgh" */;
			buildPhases = (
				304B58A110DAC018002A0835 /* Copy www directory */,
				1D60588D0D05DD3D006BFB54 /* Resources */,
				1D60588E0D05DD3D006BFB54 /* Sources */,
				1D60588F0D05DD3D006BFB54 /* Frameworks */,
			);
			buildRules = (
			);
			dependencies = (
				301BF551109A68C00062928A /* PBXTargetDependency */,
			);
			name = "TigerWealtgh";
			productName = "TigerWealtgh";
			productReference = 1D6058910D05DD3D006BFB54 /* TigerWealtgh.app */;
			productType = "com.apple.product-type.application";
		};
/* End PBXNativeTarget section */

/* Begin PBXProject section */
		29B97313FDCFA39411CA2CEA /* Project object */ = {
			isa = PBXProject;
			attributes = {
				LastUpgradeCheck = 510;
			};
			buildConfigurationList = C01FCF4E08A954540054247B /* Build configuration list for PBXProject "__NON-CLI__" */;
			compatibilityVersion = "Xcode 3.2";
			developmentRegion = English;
			hasScannedForEncodings = 1;
			mainGroup = 29B97314FDCFA39411CA2CEA /* CustomTemplate */;
			projectDirPath = "";
			projectReferences = (
				{
					ProductGroup = 301BF52E109A57CC0062928A /* Products */;
					ProjectRef = 301BF52D109A57CC0062928A /* CordovaLib.xcodeproj */;
				},
			);
			projectRoot = "";
			targets = (
				1D6058900D05DD3D006BFB54 /* TigerWealtgh */,
			);
		};
/* End PBXProject section */

/* Begin PBXReferenceProxy section */
		301BF535109A57CC0062928A /* libCordova.a */ = {
			isa = PBXReferenceProxy;
			fileType = archive.ar;
			path = libCordova.a;
			remoteRef = 301BF534109A57CC0062928A /* PBXContainerItemProxy */;
			sourceTree = BUILT_PRODUCTS_DIR;
		};
/* End PBXReferenceProxy section */

/* Begin PBXResourcesBuildPhase section */
		1D60588D0D05DD3D006BFB54 /* Resources */ = {
			isa = PBXResourcesBuildPhase;
			buildActionMask = 2147483647;
			files = (
				302D95F214D2391D003F00A1 /* MainViewController.xib in Resources */,
				0207DA581B56EA530066E2B4 /* Images.xcassets in Resources */,
				6AFF5BF91D6E424B00AB3073 /* CDVLaunchScreen.storyboard in Resources */,
			);
			runOnlyForDeploymentPostprocessing = 0;
		};
/* End PBXResourcesBuildPhase section */

/* Begin PBXShellScriptBuildPhase section */
		304B58A110DAC018002A0835 /* Copy www directory */ = {
			isa = PBXShellScriptBuildPhase;
			buildActionMask = 2147483647;
			files = (
			);
			inputPaths = (
			);
			name = "Copy www directory";
			outputPaths = (
			);
			runOnlyForDeploymentPostprocessing = 0;
			shellPath = /bin/sh;
			shellScript = "NODEJS_PATH=/usr/local/bin; NVM_NODE_PATH=~/.nvm/versions/node/`nvm version 2>/dev/null`/bin; N_NODE_PATH=`find /usr/local/n/versions/node/* -maxdepth 0 -type d 2>/dev/null | tail -1`/bin; XCODE_NODE_PATH=`xcode-select --print-path`/usr/share/xcs/Node/bin; PATH=$NODEJS_PATH:$NVM_NODE_PATH:$N_NODE_PATH:$XCODE_NODE_PATH:$PATH && node cordova/lib/copy-www-build-step.js";
			showEnvVarsInLog = 0;
		};
/* End PBXShellScriptBuildPhase section */

/* Begin PBXSourcesBuildPhase section */
		1D60588E0D05DD3D006BFB54 /* Sources */ = {
			isa = PBXSourcesBuildPhase;
			buildActionMask = 2147483647;
			files = (
				1D60589B0D05DD56006BFB54 /* main.m in Sources */,
				1D3623260D0F684500981E51 /* AppDelegate.m in Sources */,
				302D95F114D2391D003F00A1 /* MainViewController.m in Sources */,
				4FA2F38DED5B45609D641DA4 /* CDVFile.m in Sources */,
				B63D2017795243408CFBCC15 /* CDVLocalFilesystem.m in Sources */,
				B625FA0CB9F84C9797F0F4A4 /* CDVAssetLibraryFilesystem.m in Sources */,
				3211B250DB3B426F8DD1E755 /* CordovaHttpPlugin.m in Sources */,
				5A214BC4A7A74AF2BAA7B4D3 /* TextResponseSerializer.m in Sources */,
				EB00AE2DEA8B4D299999804B /* AFHTTPSessionManager.m in Sources */,
				E9100C1431A4410BBB76B8F4 /* AFNetworkReachabilityManager.m in Sources */,
				6B06D20EB1CE4782B34BC94C /* AFSecurityPolicy.m in Sources */,
				02F9D36D66EC41C78804C0D6 /* AFURLRequestSerialization.m in Sources */,
				3983425E1D99441EAEA7BEF8 /* AFURLResponseSerialization.m in Sources */,
				04785B6F689246A2AD5A786F /* AFURLSessionManager.m in Sources */,
				3C7AE9DF00FF4129BB3F927F /* CDVDevice.m in Sources */,
				38873E10834F4DE8A248CF23 /* FacebookConnectPlugin.m in Sources */,
				FFAE19A6946C449A96F4B03A /* CDVWKWebViewEngine.m in Sources */,
				B737BCE9275A411591D7B938 /* CDVWKWebViewUIDelegate.m in Sources */,
				D866EA5411624CBEA76DB59D /* CDVWKProcessPoolFactory.m in Sources */,
				60BDCFDCC6364011B14C7A9E /* GCDWebServer.m in Sources */,
				1B2495C479A148789889C17C /* GCDWebServerConnection.m in Sources */,
				4AC24220E5A7494F85033429 /* GCDWebServerFunctions.m in Sources */,
				2E4B6818B3B94E64A62B25FF /* GCDWebServerRequest.m in Sources */,
				9A9D1941239F475B809B9650 /* GCDWebServerResponse.m in Sources */,
				FE636DF419B648C08256372C /* GCDWebServerDataRequest.m in Sources */,
				9A474E72413049D58C59B51C /* GCDWebServerFileRequest.m in Sources */,
				B4B4C1B8306545D49AFC65E9 /* GCDWebServerMultiPartFormRequest.m in Sources */,
				B63D25D6D19B4E7FBE59EDC7 /* GCDWebServerURLEncodedFormRequest.m in Sources */,
				90D5EB02524442F18290BE99 /* GCDWebServerDataResponse.m in Sources */,
				5484AC14ED314E72904B2337 /* GCDWebServerErrorResponse.m in Sources */,
				3F4994AD6BF64879ABEC2F84 /* GCDWebServerFileResponse.m in Sources */,
				A9A29DA27FE64A8B9DF25904 /* GCDWebServerStreamedResponse.m in Sources */,
				C6710FC04FF54AF48A07721B /* NativeStorage.m in Sources */,
				1C0F8A425EE34A3380DA07DE /* CDVSplashScreen.m in Sources */,
				70CA760303BB4274B91A7511 /* CDVViewController+SplashScreen.m in Sources */,
				C88BFDA994294DF289012A3B /* IonicKeyboard.m in Sources */,
			);
			runOnlyForDeploymentPostprocessing = 0;
		};
/* End PBXSourcesBuildPhase section */

/* Begin PBXTargetDependency section */
		301BF551109A68C00062928A /* PBXTargetDependency */ = {
			isa = PBXTargetDependency;
			name = CordovaLib;
			targetProxy = 301BF550109A68C00062928A /* PBXContainerItemProxy */;
		};
/* End PBXTargetDependency section */

/* Begin XCBuildConfiguration section */
		1D6058940D05DD3E006BFB54 /* Debug */ = {
			isa = XCBuildConfiguration;
			baseConfigurationReference = 3047A50F1AB8059700498E2A /* build-debug.xcconfig */;
			buildSettings = {
				ALWAYS_SEARCH_USER_PATHS = NO;
				ASSETCATALOG_COMPILER_APPICON_NAME = AppIcon;
				ASSETCATALOG_COMPILER_LAUNCHIMAGE_NAME = LaunchImage;
				CLANG_ENABLE_MODULES = YES;
				CLANG_ENABLE_OBJC_ARC = YES;
				COPY_PHASE_STRIP = NO;
				GCC_DYNAMIC_NO_PIC = NO;
				GCC_OPTIMIZATION_LEVEL = 0;
				GCC_PRECOMPILE_PREFIX_HEADER = YES;
				GCC_PREFIX_HEADER = "TigerWealtgh/TigerWealtgh-Prefix.pch";
				GCC_THUMB_SUPPORT = NO;
				GCC_VERSION = "";
				INFOPLIST_FILE = "TigerWealtgh/TigerWealtgh-Info.plist";
				IPHONEOS_DEPLOYMENT_TARGET = 9.0;
				LD_RUNPATH_SEARCH_PATHS = "@executable_path/Frameworks";
				TARGETED_DEVICE_FAMILY = "1,2";
				PRODUCT_NAME = "TigerWealtgh";
				FRAMEWORK_SEARCH_PATHS = (
					"$(inherited)",
					"\"TigerWealtgh/Plugins/cordova-plugin-facebook4\"",
					"\"TigerWealtgh/Plugins/cordova-plugin-facebook4\"",
					"\"TigerWealtgh/Plugins/cordova-plugin-facebook4\"",
					"\"TigerWealtgh/Plugins/cordova-plugin-facebook4\"",
				);
			};
			name = Debug;
		};
		1D6058950D05DD3E006BFB54 /* Release */ = {
			isa = XCBuildConfiguration;
			baseConfigurationReference = 3047A5101AB8059700498E2A /* build-release.xcconfig */;
			buildSettings = {
				ALWAYS_SEARCH_USER_PATHS = NO;
				ASSETCATALOG_COMPILER_APPICON_NAME = AppIcon;
				ASSETCATALOG_COMPILER_LAUNCHIMAGE_NAME = LaunchImage;
				CLANG_ENABLE_MODULES = YES;
				CLANG_ENABLE_OBJC_ARC = YES;
				COPY_PHASE_STRIP = YES;
				GCC_PRECOMPILE_PREFIX_HEADER = YES;
				GCC_PREFIX_HEADER = "TigerWealtgh/TigerWealtgh-Prefix.pch";
				GCC_THUMB_SUPPORT = NO;
				GCC_VERSION = "";
				INFOPLIST_FILE = "TigerWealtgh/TigerWealtgh-Info.plist";
				IPHONEOS_DEPLOYMENT_TARGET = 9.0;
				LD_RUNPATH_SEARCH_PATHS = "@executable_path/Frameworks";
				TARGETED_DEVICE_FAMILY = "1,2";
				PRODUCT_NAME = "TigerWealtgh";
				FRAMEWORK_SEARCH_PATHS = (
					"$(inherited)",
					"\"TigerWealtgh/Plugins/cordova-plugin-facebook4\"",
					"\"TigerWealtgh/Plugins/cordova-plugin-facebook4\"",
					"\"TigerWealtgh/Plugins/cordova-plugin-facebook4\"",
					"\"TigerWealtgh/Plugins/cordova-plugin-facebook4\"",
				);
			};
			name = Release;
		};
		C01FCF4F08A954540054247B /* Debug */ = {
			isa = XCBuildConfiguration;
			baseConfigurationReference = 3047A5111AB8059700498E2A /* build.xcconfig */;
			buildSettings = {
				CLANG_ENABLE_MODULES = YES;
				CLANG_ENABLE_OBJC_ARC = YES;
				CLANG_WARN_BOOL_CONVERSION = YES;
				CLANG_WARN_CONSTANT_CONVERSION = YES;
				CLANG_WARN_EMPTY_BODY = YES;
				CLANG_WARN_ENUM_CONVERSION = YES;
				CLANG_WARN_INT_CONVERSION = YES;
				CLANG_WARN__DUPLICATE_METHOD_MATCH = YES;
				GCC_C_LANGUAGE_STANDARD = c99;
				GCC_THUMB_SUPPORT = NO;
				GCC_VERSION = "";
				GCC_WARN_ABOUT_RETURN_TYPE = YES;
				GCC_WARN_UNDECLARED_SELECTOR = YES;
				GCC_WARN_UNINITIALIZED_AUTOS = YES;
				GCC_WARN_UNUSED_FUNCTION = YES;
				GCC_WARN_UNUSED_VARIABLE = YES;
				ONLY_ACTIVE_ARCH = YES;
				SDKROOT = iphoneos;
				SKIP_INSTALL = NO;
			};
			name = Debug;
		};
		C01FCF5008A954540054247B /* Release */ = {
			isa = XCBuildConfiguration;
			baseConfigurationReference = 3047A5111AB8059700498E2A /* build.xcconfig */;
			buildSettings = {
				CLANG_ENABLE_MODULES = YES;
				CLANG_ENABLE_OBJC_ARC = YES;
				CLANG_WARN_BOOL_CONVERSION = YES;
				CLANG_WARN_CONSTANT_CONVERSION = YES;
				CLANG_WARN_EMPTY_BODY = YES;
				CLANG_WARN_ENUM_CONVERSION = YES;
				CLANG_WARN_INT_CONVERSION = YES;
				CLANG_WARN__DUPLICATE_METHOD_MATCH = YES;
				GCC_C_LANGUAGE_STANDARD = c99;
				GCC_THUMB_SUPPORT = NO;
				GCC_VERSION = "";
				GCC_WARN_ABOUT_RETURN_TYPE = YES;
				GCC_WARN_UNDECLARED_SELECTOR = YES;
				GCC_WARN_UNINITIALIZED_AUTOS = YES;
				GCC_WARN_UNUSED_FUNCTION = YES;
				GCC_WARN_UNUSED_VARIABLE = YES;
				SDKROOT = iphoneos;
				SKIP_INSTALL = NO;
			};
			name = Release;
		};
/* End XCBuildConfiguration section */

/* Begin XCConfigurationList section */
		1D6058960D05DD3E006BFB54 /* Build configuration list for PBXNativeTarget "TigerWealtgh" */ = {
			isa = XCConfigurationList;
			buildConfigurations = (
				1D6058940D05DD3E006BFB54 /* Debug */,
				1D6058950D05DD3E006BFB54 /* Release */,
			);
			defaultConfigurationIsVisible = 0;
			defaultConfigurationName = Release;
		};
		C01FCF4E08A954540054247B /* Build configuration list for PBXProject "__NON-CLI__" */ = {
			isa = XCConfigurationList;
			buildConfigurations = (
				C01FCF4F08A954540054247B /* Debug */,
				C01FCF5008A954540054247B /* Release */,
			);
			defaultConfigurationIsVisible = 0;
			defaultConfigurationName = Release;
		};
/* End XCConfigurationList section */
	};
	rootObject = 29B97313FDCFA39411CA2CEA /* Project object */;
}
